
Microsoft Visual Studio Solution File, Format Version 12.00
# Visual Studio Version 17
VisualStudioVersion = 17.14.36414.22 d17.14
MinimumVisualStudioVersion = 10.0.40219.1
Project("{FAE04EC0-301F-11D3-BF4B-00C04F79EFBC}") = "Haunter", "Haunter.csproj", "{7A0939EF-0342-44AB-B21B-61DD09E9106C}"
EndProject
Global
	GlobalSection(SolutionConfigurationPlatforms) = preSolution
		Debug|Any CPU = Debug|Any CPU
		Release|Any CPU = Release|Any CPU
	EndGlobalSection
	GlobalSection(ProjectConfigurationPlatforms) = postSolution
		{7A0939EF-0342-44AB-B21B-61DD09E9106C}.Debug|Any CPU.ActiveCfg = Debug|Any CPU
		{7A0939EF-0342-44AB-B21B-61DD09E9106C}.Debug|Any CPU.Build.0 = Debug|Any CPU
		{7A0939EF-0342-44AB-B21B-61DD09E9106C}.Release|Any CPU.ActiveCfg = Release|Any CPU
		{7A0939EF-0342-44AB-B21B-61DD09E9106C}.Release|Any CPU.Build.0 = Release|Any CPU
	EndGlobalSection
	GlobalSection(SolutionProperties) = preSolution
		HideSolutionNode = FALSE
	EndGlobalSection
	GlobalSection(ExtensibilityGlobals) = postSolution
		SolutionGuid = {E2C11831-35CB-458B-9E95-F50709DC54DD}
	EndGlobalSection
EndGlobal
